
Microsoft Visual Studio Solution File, Format Version 12.00
# Visual Studio 2012
Project("{FAE04EC0-301F-11D3-BF4B-00C04F79EFBC}") = "PowerPointRemoteControllerClient", "PowerPointRemoteControllerClient\PowerPointRemoteControllerClient.csproj", "{72867EE6-4470-4B3D-9B69-9F2954F4805C}"
EndProject
Global
	GlobalSection(SolutionConfigurationPlatforms) = preSolution
		Debug|x86 = Debug|x86
		Release|x86 = Release|x86
	EndGlobalSection
	GlobalSection(ProjectConfigurationPlatforms) = postSolution
		{72867EE6-4470-4B3D-9B69-9F2954F4805C}.Debug|x86.ActiveCfg = Debug|x86
		{72867EE6-4470-4B3D-9B69-9F2954F4805C}.Debug|x86.Build.0 = Debug|x86
		{72867EE6-4470-4B3D-9B69-9F2954F4805C}.Release|x86.ActiveCfg = Release|x86
		{72867EE6-4470-4B3D-9B69-9F2954F4805C}.Release|x86.Build.0 = Release|x86
	EndGlobalSection
EndGlobal
